
Microsoft Visual Studio Solution File, Format Version 12.00
# Visual Studio 2012
Project("{FAE04EC0-301F-11D3-BF4B-00C04F79EFBC}") = "newsurvey", "newsurvey\newsurvey.csproj", "{22A37EB7-34F3-47D4-8E00-315885347CBC}"
EndProject
Global
	GlobalSection(SolutionConfigurationPlatforms) = preSolution
		Debug|Any CPU = Debug|Any CPU
		Release|Any CPU = Release|Any CPU
	EndGlobalSection
	GlobalSection(ProjectConfigurationPlatforms) = postSolution
		{22A37EB7-34F3-47D4-8E00-315885347CBC}.Debug|Any CPU.ActiveCfg = Debug|Any CPU
		{22A37EB7-34F3-47D4-8E00-315885347CBC}.Debug|Any CPU.Build.0 = Debug|Any CPU
		{22A37EB7-34F3-47D4-8E00-315885347CBC}.Release|Any CPU.ActiveCfg = Release|Any CPU
		{22A37EB7-34F3-47D4-8E00-315885347CBC}.Release|Any CPU.Build.0 = Release|Any CPU
	EndGlobalSection
	GlobalSection(SolutionProperties) = preSolution
		HideSolutionNode = FALSE
	EndGlobalSection
EndGlobal
